
Microsoft Visual Studio Solution File, Format Version 12.00
# Visual Studio Version 17
VisualStudioVersion = 17.5.002.0
MinimumVisualStudioVersion = 10.0.40219.1
Project("{9A19103F-16F7-4668-BE54-9A1E7A4F7556}") = "SenhaNumerica", "SenhaNumerica.csproj", "{1631DD1C-6242-420C-94CC-0361F2745E70}"
EndProject
Global
	GlobalSection(SolutionConfigurationPlatforms) = preSolution
		Debug|Any CPU = Debug|Any CPU
		Release|Any CPU = Release|Any CPU
	EndGlobalSection
	GlobalSection(ProjectConfigurationPlatforms) = postSolution
		{1631DD1C-6242-420C-94CC-0361F2745E70}.Debug|Any CPU.ActiveCfg = Debug|Any CPU
		{1631DD1C-6242-420C-94CC-0361F2745E70}.Debug|Any CPU.Build.0 = Debug|Any CPU
		{1631DD1C-6242-420C-94CC-0361F2745E70}.Release|Any CPU.ActiveCfg = Release|Any CPU
		{1631DD1C-6242-420C-94CC-0361F2745E70}.Release|Any CPU.Build.0 = Release|Any CPU
	EndGlobalSection
	GlobalSection(SolutionProperties) = preSolution
		HideSolutionNode = FALSE
	EndGlobalSection
	GlobalSection(ExtensibilityGlobals) = postSolution
		SolutionGuid = {1AFE8AA3-2ED5-45EB-91F9-C495253105D9}
	EndGlobalSection
EndGlobal
